
Microsoft Visual Studio Solution File, Format Version 12.00
# 17
VisualStudioVersion = 17.12.35309.182
MinimumVisualStudioVersion = 10.0.40219.1
Project("{9A19103F-16F7-4668-BE54-9A1E7A4F7556}") = "SignalRWebUI", "SignalRWebUI\SignalRWebUI.csproj", "{1205DCD9-A836-4968-8184-946D488EDFB8}"
EndProject
Project("{FAE04EC0-301F-11D3-BF4B-00C04F79EFBC}") = "SignalRApi", "SignalRApi\SignalRApi.csproj", "{C661A6E1-A8D2-4816-BF64-92E939174E69}"
EndProject
Project("{FAE04EC0-301F-11D3-BF4B-00C04F79EFBC}") = "SignalR.EntityLayer", "SignalR.EntityLayer\SignalR.EntityLayer.csproj", "{407069D8-321F-4773-A9F9-FC9378D18FBB}"
EndProject
Project("{FAE04EC0-301F-11D3-BF4B-00C04F79EFBC}") = "SignalR.DataAccessLayer", "SignalR.DataAccessLayer\SignalR.DataAccessLayer.csproj", "{CAB481D4-C57F-4B88-A905-B5AAC0DCFF0B}"
EndProject
Project("{FAE04EC0-301F-11D3-BF4B-00C04F79EFBC}") = "SignalR.DtoLayer", "SignalR.DtoLayer\SignalR.DtoLayer.csproj", "{855CAD67-B589-4604-8B8B-352FE1F34CA0}"
EndProject
Project("{FAE04EC0-301F-11D3-BF4B-00C04F79EFBC}") = "SignalR.BusinessLayer", "SignalR.BusinessLayer\SignalR.BusinessLayer.csproj", "{B3760DDC-7FBC-4252-9FA9-A29C6B92A086}"
EndProject
Global
	GlobalSection(SolutionConfigurationPlatforms) = preSolution
		Debug|Any CPU = Debug|Any CPU
		Release|Any CPU = Release|Any CPU
	EndGlobalSection
	GlobalSection(ProjectConfigurationPlatforms) = postSolution
		{1205DCD9-A836-4968-8184-946D488EDFB8}.Debug|Any CPU.ActiveCfg = Debug|Any CPU
		{1205DCD9-A836-4968-8184-946D488EDFB8}.Debug|Any CPU.Build.0 = Debug|Any CPU
		{1205DCD9-A836-4968-8184-946D488EDFB8}.Release|Any CPU.ActiveCfg = Release|Any CPU
		{1205DCD9-A836-4968-8184-946D488EDFB8}.Release|Any CPU.Build.0 = Release|Any CPU
		{C661A6E1-A8D2-4816-BF64-92E939174E69}.Debug|Any CPU.ActiveCfg = Debug|Any CPU
		{C661A6E1-A8D2-4816-BF64-92E939174E69}.Debug|Any CPU.Build.0 = Debug|Any CPU
		{C661A6E1-A8D2-4816-BF64-92E939174E69}.Release|Any CPU.ActiveCfg = Release|Any CPU
		{C661A6E1-A8D2-4816-BF64-92E939174E69}.Release|Any CPU.Build.0 = Release|Any CPU
		{407069D8-321F-4773-A9F9-FC9378D18FBB}.Debug|Any CPU.ActiveCfg = Debug|Any CPU
		{407069D8-321F-4773-A9F9-FC9378D18FBB}.Debug|Any CPU.Build.0 = Debug|Any CPU
		{407069D8-321F-4773-A9F9-FC9378D18FBB}.Release|Any CPU.ActiveCfg = Release|Any CPU
		{407069D8-321F-4773-A9F9-FC9378D18FBB}.Release|Any CPU.Build.0 = Release|Any CPU
		{CAB481D4-C57F-4B88-A905-B5AAC0DCFF0B}.Debug|Any CPU.ActiveCfg = Debug|Any CPU
		{CAB481D4-C57F-4B88-A905-B5AAC0DCFF0B}.Debug|Any CPU.Build.0 = Debug|Any CPU
		{CAB481D4-C57F-4B88-A905-B5AAC0DCFF0B}.Release|Any CPU.ActiveCfg = Release|Any CPU
		{CAB481D4-C57F-4B88-A905-B5AAC0DCFF0B}.Release|Any CPU.Build.0 = Release|Any CPU
		{855CAD67-B589-4604-8B8B-352FE1F34CA0}.Debug|Any CPU.ActiveCfg = Debug|Any CPU
		{855CAD67-B589-4604-8B8B-352FE1F34CA0}.Debug|Any CPU.Build.0 = Debug|Any CPU
		{855CAD67-B589-4604-8B8B-352FE1F34CA0}.Release|Any CPU.ActiveCfg = Release|Any CPU
		{855CAD67-B589-4604-8B8B-352FE1F34CA0}.Release|Any CPU.Build.0 = Release|Any CPU
		{B3760DDC-7FBC-4252-9FA9-A29C6B92A086}.Debug|Any CPU.ActiveCfg = Debug|Any CPU
		{B3760DDC-7FBC-4252-9FA9-A29C6B92A086}.Debug|Any CPU.Build.0 = Debug|Any CPU
		{B3760DDC-7FBC-4252-9FA9-A29C6B92A086}.Release|Any CPU.ActiveCfg = Release|Any CPU
		{B3760DDC-7FBC-4252-9FA9-A29C6B92A086}.Release|Any CPU.Build.0 = Release|Any CPU
	EndGlobalSection
	GlobalSection(SolutionProperties) = preSolution
		HideSolutionNode = FALSE
	EndGlobalSection
	GlobalSection(ExtensibilityGlobals) = postSolution
		SolutionGuid = {8F134817-A1A2-4C25-8FF9-B2990B8A8D88}
	EndGlobalSection
EndGlobal
